// !$*UTF8*$!
{
	archiveVersion = 1;
	classes = {
	};
	objectVersion = 46;
	objects = {

/* Begin PBXBuildFile section */
		A3084EE01E2EA316009C2CC3 /* Treatment.swift in Sources */ = {isa = PBXBuildFile; fileRef = A3084EDF1E2EA316009C2CC3 /* Treatment.swift */; };
		A32516D21E997A7B00FB9647 /* File.swift in Sources */ = {isa = PBXBuildFile; fileRef = A32516CF1E997A7B00FB9647 /* File.swift */; };
		A32516D31E997A7B00FB9647 /* Folder.swift in Sources */ = {isa = PBXBuildFile; fileRef = A32516D01E997A7B00FB9647 /* Folder.swift */; };
		A32516D41E997A7B00FB9647 /* FileKit.swift in Sources */ = {isa = PBXBuildFile; fileRef = A32516D11E997A7B00FB9647 /* FileKit.swift */; };
		A32516DF1E997A9C00FB9647 /* CollectionViewCellConfigurator.swift in Sources */ = {isa = PBXBuildFile; fileRef = A32516D71E997A9C00FB9647 /* CollectionViewCellConfigurator.swift */; };
		A32516E01E997A9C00FB9647 /* CollectionView+Reusable.swift in Sources */ = {isa = PBXBuildFile; fileRef = A32516D91E997A9C00FB9647 /* CollectionView+Reusable.swift */; };
		A32516E11E997A9C00FB9647 /* CollectionViewDataSource.swift in Sources */ = {isa = PBXBuildFile; fileRef = A32516DA1E997A9C00FB9647 /* CollectionViewDataSource.swift */; };
		A32516E21E997A9C00FB9647 /* DataHandler.swift in Sources */ = {isa = PBXBuildFile; fileRef = A32516DC1E997A9C00FB9647 /* DataHandler.swift */; };
		A32516E31E997A9C00FB9647 /* Section.swift in Sources */ = {isa = PBXBuildFile; fileRef = A32516DD1E997A9C00FB9647 /* Section.swift */; };
		A32516E41E997A9C00FB9647 /* SectionDataHandler.swift in Sources */ = {isa = PBXBuildFile; fileRef = A32516DE1E997A9C00FB9647 /* SectionDataHandler.swift */; };
		A32516ED1E997AF800FB9647 /* AudioPlayer.swift in Sources */ = {isa = PBXBuildFile; fileRef = A32516E61E997AB100FB9647 /* AudioPlayer.swift */; };
		A32516EE1E997AFC00FB9647 /* Player.swift in Sources */ = {isa = PBXBuildFile; fileRef = A32516E81E997AB100FB9647 /* Player.swift */; };
		A32516EF1E997B0100FB9647 /* AudioPlaying.swift in Sources */ = {isa = PBXBuildFile; fileRef = A32516E71E997AB100FB9647 /* AudioPlaying.swift */; };
		A34671CE1E59F843000522B2 /* FileKit.framework in Frameworks */ = {isa = PBXBuildFile; fileRef = OBJ_18 /* FileKit.framework */; };
		A34671CF1E59F843000522B2 /* FileKit.framework in Embed Frameworks */ = {isa = PBXBuildFile; fileRef = OBJ_18 /* FileKit.framework */; settings = {ATTRIBUTES = (CodeSignOnCopy, RemoveHeadersOnCopy, ); }; };
		A351909E1E04898400F7348E /* AppDelegate.swift in Sources */ = {isa = PBXBuildFile; fileRef = A351909D1E04898400F7348E /* AppDelegate.swift */; };
		A35190A81E04898400F7348E /* LaunchScreen.storyboard in Resources */ = {isa = PBXBuildFile; fileRef = A35190A61E04898400F7348E /* LaunchScreen.storyboard */; };
		A35190B21E048A7E00F7348E /* App.framework in Frameworks */ = {isa = PBXBuildFile; fileRef = OBJ_19 /* App.framework */; };
		A35190B31E048A7E00F7348E /* App.framework in Embed Frameworks */ = {isa = PBXBuildFile; fileRef = OBJ_19 /* App.framework */; settings = {ATTRIBUTES = (CodeSignOnCopy, RemoveHeadersOnCopy, ); }; };
		A35190CD1E048BA100F7348E /* ademruimte.mp3 in Resources */ = {isa = PBXBuildFile; fileRef = A35190C31E048BA100F7348E /* ademruimte.mp3 */; };
		A35190CE1E048BA100F7348E /* bodyscan.mp3 in Resources */ = {isa = PBXBuildFile; fileRef = A35190C41E048BA100F7348E /* bodyscan.mp3 */; };
		A35190CF1E048BA100F7348E /* Roboto-Black.ttf in Resources */ = {isa = PBXBuildFile; fileRef = A35190C61E048BA100F7348E /* Roboto-Black.ttf */; };
		A35190D01E048BA100F7348E /* Roboto-Bold.ttf in Resources */ = {isa = PBXBuildFile; fileRef = A35190C71E048BA100F7348E /* Roboto-Bold.ttf */; };
		A35190D11E048BA100F7348E /* Roboto-Light.ttf in Resources */ = {isa = PBXBuildFile; fileRef = A35190C81E048BA100F7348E /* Roboto-Light.ttf */; };
		A35190D21E048BA100F7348E /* Roboto-Medium.ttf in Resources */ = {isa = PBXBuildFile; fileRef = A35190C91E048BA100F7348E /* Roboto-Medium.ttf */; };
		A35190D31E048BA100F7348E /* Roboto-Regular.ttf in Resources */ = {isa = PBXBuildFile; fileRef = A35190CA1E048BA100F7348E /* Roboto-Regular.ttf */; };
		A35190D41E048BA100F7348E /* Roboto-Thin.ttf in Resources */ = {isa = PBXBuildFile; fileRef = A35190CB1E048BA100F7348E /* Roboto-Thin.ttf */; };
		A35190D51E048BA100F7348E /* Treatments.plist in Resources */ = {isa = PBXBuildFile; fileRef = A35190CC1E048BA100F7348E /* Treatments.plist */; };
		A35190D71E048BC900F7348E /* Assets.xcassets in Resources */ = {isa = PBXBuildFile; fileRef = A35190D61E048BC900F7348E /* Assets.xcassets */; };
		A35190D91E048BF200F7348E /* HomeViewController.swift in Sources */ = {isa = PBXBuildFile; fileRef = A35190D81E048BF200F7348E /* HomeViewController.swift */; };
		A35190DB1E048C3F00F7348E /* HomeViewModel.swift in Sources */ = {isa = PBXBuildFile; fileRef = A35190DA1E048C3F00F7348E /* HomeViewModel.swift */; };
		A35190DD1E048E2E00F7348E /* Colors.swift in Sources */ = {isa = PBXBuildFile; fileRef = A35190DC1E048E2E00F7348E /* Colors.swift */; };
		A35190DF1E04910200F7348E /* Fonts.swift in Sources */ = {isa = PBXBuildFile; fileRef = A35190DE1E04910200F7348E /* Fonts.swift */; };
		A35190E11E04992300F7348E /* MixedCell+Configurator.swift in Sources */ = {isa = PBXBuildFile; fileRef = A35190E01E04992300F7348E /* MixedCell+Configurator.swift */; };
		A35235A11E505B35007B0EE4 /* EmailView.swift in Sources */ = {isa = PBXBuildFile; fileRef = A35235A01E505B35007B0EE4 /* EmailView.swift */; };
		A35235A31E5061A9007B0EE4 /* RemoveTreatmentsView.swift in Sources */ = {isa = PBXBuildFile; fileRef = A35235A21E5061A9007B0EE4 /* RemoveTreatmentsView.swift */; };
		A35235A51E5063F3007B0EE4 /* ReminderView.swift in Sources */ = {isa = PBXBuildFile; fileRef = A35235A41E5063F3007B0EE4 /* ReminderView.swift */; };
		A35235A81E506781007B0EE4 /* ReminderViewModel.swift in Sources */ = {isa = PBXBuildFile; fileRef = A35235A71E506781007B0EE4 /* ReminderViewModel.swift */; };
		A35235AA1E506829007B0EE4 /* ReminderViewController.swift in Sources */ = {isa = PBXBuildFile; fileRef = A35235A91E506829007B0EE4 /* ReminderViewController.swift */; };
		A3523AC71E43D67300FCB89A /* ExerciseViewController.swift in Sources */ = {isa = PBXBuildFile; fileRef = A3523AC61E43D67300FCB89A /* ExerciseViewController.swift */; };
		A3523AC91E43D69400FCB89A /* ExerciseViewModel.swift in Sources */ = {isa = PBXBuildFile; fileRef = A3523AC81E43D69400FCB89A /* ExerciseViewModel.swift */; };
		A361E4231E4FB59200CFE9B8 /* Setting.swift in Sources */ = {isa = PBXBuildFile; fileRef = A361E4221E4FB59200CFE9B8 /* Setting.swift */; };
		A361E4251E4FB5C700CFE9B8 /* MixedEntity.swift in Sources */ = {isa = PBXBuildFile; fileRef = A361E4241E4FB5C700CFE9B8 /* MixedEntity.swift */; };
		A363B5971E5098880068F754 /* MailComposerViewController.swift in Sources */ = {isa = PBXBuildFile; fileRef = A363B5961E5098880068F754 /* MailComposerViewController.swift */; };
		A363B5A61E50AECC0068F754 /* TreatmentService.swift in Sources */ = {isa = PBXBuildFile; fileRef = A363B5991E509C480068F754 /* TreatmentService.swift */; };
		A363B5A91E50AF8F0068F754 /* Exercise.swift in Sources */ = {isa = PBXBuildFile; fileRef = A363B5A81E50AF8F0068F754 /* Exercise.swift */; };
		A363B5AB1E50AFD70068F754 /* DaySchedule.swift in Sources */ = {isa = PBXBuildFile; fileRef = A363B5AA1E50AFD70068F754 /* DaySchedule.swift */; };
		A38418461E58D7DC003914DB /* Reminder.swift in Sources */ = {isa = PBXBuildFile; fileRef = A38418451E58D7DC003914DB /* Reminder.swift */; };
		A384185C1E59C3C4003914DB /* AudioKit.framework in Frameworks */ = {isa = PBXBuildFile; fileRef = A38418551E59C3C4003914DB /* AudioKit.framework */; };
		A384185D1E59C3C4003914DB /* AudioKit.framework in Embed Frameworks */ = {isa = PBXBuildFile; fileRef = A38418551E59C3C4003914DB /* AudioKit.framework */; settings = {ATTRIBUTES = (CodeSignOnCopy, RemoveHeadersOnCopy, ); }; };
		A38418761E59C94C003914DB /* AudioPlayerView.swift in Sources */ = {isa = PBXBuildFile; fileRef = A38418751E59C94C003914DB /* AudioPlayerView.swift */; };
		A38418841E59D15E003914DB /* CollectionViewKit.framework in Frameworks */ = {isa = PBXBuildFile; fileRef = A384187D1E59D15E003914DB /* CollectionViewKit.framework */; };
		A38418851E59D15E003914DB /* CollectionViewKit.framework in Embed Frameworks */ = {isa = PBXBuildFile; fileRef = A384187D1E59D15E003914DB /* CollectionViewKit.framework */; settings = {ATTRIBUTES = (CodeSignOnCopy, RemoveHeadersOnCopy, ); }; };
		A387217C1E6A21E1008C1EA9 /* LoaderView.swift in Sources */ = {isa = PBXBuildFile; fileRef = A387217B1E6A21E1008C1EA9 /* LoaderView.swift */; };
		A3C474531E33748800B22AF3 /* WeekScheduleViewModel.swift in Sources */ = {isa = PBXBuildFile; fileRef = A3C474521E33748800B22AF3 /* WeekScheduleViewModel.swift */; };
		A3C474551E33758D00B22AF3 /* WeekScheduleViewController.swift in Sources */ = {isa = PBXBuildFile; fileRef = A3C474541E33758D00B22AF3 /* WeekScheduleViewController.swift */; };
		A3C474571E337B7500B22AF3 /* WeekScheduleCell+Configurator.swift in Sources */ = {isa = PBXBuildFile; fileRef = A3C474561E337B7500B22AF3 /* WeekScheduleCell+Configurator.swift */; };
		A3DDF8C31E4E868A0021F60D /* Result.swift in Sources */ = {isa = PBXBuildFile; fileRef = A3DDF8C21E4E868A0021F60D /* Result.swift */; };
		A3DDF8C81E4F9E5D0021F60D /* SettingsCellConfigurator.swift in Sources */ = {isa = PBXBuildFile; fileRef = A3DDF8C71E4F9E5D0021F60D /* SettingsCellConfigurator.swift */; };
		A3DFC3061E4788BC00292DB9 /* MindfulnessViewController.swift in Sources */ = {isa = PBXBuildFile; fileRef = A3DFC3051E4788BC00292DB9 /* MindfulnessViewController.swift */; };
		A3E28F371E463FCC00C1B764 /* ActiveViewController.swift in Sources */ = {isa = PBXBuildFile; fileRef = A3E28F361E463FCC00C1B764 /* ActiveViewController.swift */; };
		A3E28F391E47281400C1B764 /* PositiveViewController.swift in Sources */ = {isa = PBXBuildFile; fileRef = A3E28F381E47281400C1B764 /* PositiveViewController.swift */; };
		A3FC9FAB1E562EFF006F10A1 /* NotificationService.swift in Sources */ = {isa = PBXBuildFile; fileRef = A3FC9FAA1E562EFF006F10A1 /* NotificationService.swift */; };
		OBJ_34 /* StepUpDummy.swift in Sources */ = {isa = PBXBuildFile; fileRef = OBJ_14 /* StepUpDummy.swift */; };
		OBJ_36 /* FileKit.framework in Frameworks */ = {isa = PBXBuildFile; fileRef = OBJ_18 /* FileKit.framework */; };
/* End PBXBuildFile section */

/* Begin PBXContainerItemProxy section */
		A34671D01E59F843000522B2 /* PBXContainerItemProxy */ = {
			isa = PBXContainerItemProxy;
			containerPortal = OBJ_1 /* Project object */;
			proxyType = 1;
			remoteGlobalIDString = OBJ_20;
			remoteInfo = FileKit;
		};
		A35190961E04895500F7348E /* PBXContainerItemProxy */ = {
			isa = PBXContainerItemProxy;
			containerPortal = OBJ_1 /* Project object */;
			proxyType = 1;
			remoteGlobalIDString = OBJ_20;
			remoteInfo = FileKit;
		};
		A35190B41E048A7E00F7348E /* PBXContainerItemProxy */ = {
			isa = PBXContainerItemProxy;
			containerPortal = OBJ_1 /* Project object */;
			proxyType = 1;
			remoteGlobalIDString = OBJ_29;
			remoteInfo = App;
		};
		A384185A1E59C3C4003914DB /* PBXContainerItemProxy */ = {
			isa = PBXContainerItemProxy;
			containerPortal = OBJ_1 /* Project object */;
			proxyType = 1;
			remoteGlobalIDString = A38418541E59C3C4003914DB;
			remoteInfo = AudioKit;
		};
		A38418821E59D15E003914DB /* PBXContainerItemProxy */ = {
			isa = PBXContainerItemProxy;
			containerPortal = OBJ_1 /* Project object */;
			proxyType = 1;
			remoteGlobalIDString = A384187C1E59D15E003914DB;
			remoteInfo = CollectionViewKit;
		};
/* End PBXContainerItemProxy section */

/* Begin PBXCopyFilesBuildPhase section */
		A35190B61E048A7E00F7348E /* Embed Frameworks */ = {
			isa = PBXCopyFilesBuildPhase;
			buildActionMask = 2147483647;
			dstPath = "";
			dstSubfolderSpec = 10;
			files = (
				A384185D1E59C3C4003914DB /* AudioKit.framework in Embed Frameworks */,
				A34671CF1E59F843000522B2 /* FileKit.framework in Embed Frameworks */,
				A35190B31E048A7E00F7348E /* App.framework in Embed Frameworks */,
				A38418851E59D15E003914DB /* CollectionViewKit.framework in Embed Frameworks */,
			);
			name = "Embed Frameworks";
			runOnlyForDeploymentPostprocessing = 0;
		};
/* End PBXCopyFilesBuildPhase section */

/* Begin PBXFileReference section */
		A3084EDF1E2EA316009C2CC3 /* Treatment.swift */ = {isa = PBXFileReference; fileEncoding = 4; lastKnownFileType = sourcecode.swift; path = Treatment.swift; sourceTree = "<group>"; };
		A32516CF1E997A7B00FB9647 /* File.swift */ = {isa = PBXFileReference; fileEncoding = 4; lastKnownFileType = sourcecode.swift; path = File.swift; sourceTree = "<group>"; };
		A32516D01E997A7B00FB9647 /* Folder.swift */ = {isa = PBXFileReference; fileEncoding = 4; lastKnownFileType = sourcecode.swift; path = Folder.swift; sourceTree = "<group>"; };
		A32516D11E997A7B00FB9647 /* FileKit.swift */ = {isa = PBXFileReference; fileEncoding = 4; lastKnownFileType = sourcecode.swift; path = FileKit.swift; sourceTree = "<group>"; };
		A32516D71E997A9C00FB9647 /* CollectionViewCellConfigurator.swift */ = {isa = PBXFileReference; fileEncoding = 4; lastKnownFileType = sourcecode.swift; path = CollectionViewCellConfigurator.swift; sourceTree = "<group>"; };
		A32516D91E997A9C00FB9647 /* CollectionView+Reusable.swift */ = {isa = PBXFileReference; fileEncoding = 4; lastKnownFileType = sourcecode.swift; path = "CollectionView+Reusable.swift"; sourceTree = "<group>"; };
		A32516DA1E997A9C00FB9647 /* CollectionViewDataSource.swift */ = {isa = PBXFileReference; fileEncoding = 4; lastKnownFileType = sourcecode.swift; path = CollectionViewDataSource.swift; sourceTree = "<group>"; };
		A32516DC1E997A9C00FB9647 /* DataHandler.swift */ = {isa = PBXFileReference; fileEncoding = 4; lastKnownFileType = sourcecode.swift; path = DataHandler.swift; sourceTree = "<group>"; };
		A32516DD1E997A9C00FB9647 /* Section.swift */ = {isa = PBXFileReference; fileEncoding = 4; lastKnownFileType = sourcecode.swift; path = Section.swift; sourceTree = "<group>"; };
		A32516DE1E997A9C00FB9647 /* SectionDataHandler.swift */ = {isa = PBXFileReference; fileEncoding = 4; lastKnownFileType = sourcecode.swift; path = SectionDataHandler.swift; sourceTree = "<group>"; };
		A32516E61E997AB100FB9647 /* AudioPlayer.swift */ = {isa = PBXFileReference; fileEncoding = 4; lastKnownFileType = sourcecode.swift; path = AudioPlayer.swift; sourceTree = "<group>"; };
		A32516E71E997AB100FB9647 /* AudioPlaying.swift */ = {isa = PBXFileReference; fileEncoding = 4; lastKnownFileType = sourcecode.swift; path = AudioPlaying.swift; sourceTree = "<group>"; };
		A32516E81E997AB100FB9647 /* Player.swift */ = {isa = PBXFileReference; fileEncoding = 4; lastKnownFileType = sourcecode.swift; path = Player.swift; sourceTree = "<group>"; };
		A351909B1E04898400F7348E /* Step Up!.app */ = {isa = PBXFileReference; explicitFileType = wrapper.application; includeInIndex = 0; path = "Step Up!.app"; sourceTree = BUILT_PRODUCTS_DIR; };
		A351909D1E04898400F7348E /* AppDelegate.swift */ = {isa = PBXFileReference; lastKnownFileType = sourcecode.swift; path = AppDelegate.swift; sourceTree = "<group>"; };
		A35190A71E04898400F7348E /* Base */ = {isa = PBXFileReference; lastKnownFileType = file.storyboard; name = Base; path = Base.lproj/LaunchScreen.storyboard; sourceTree = "<group>"; };
		A35190A91E04898400F7348E /* Info.plist */ = {isa = PBXFileReference; lastKnownFileType = text.plist.xml; path = Info.plist; sourceTree = "<group>"; };
		A35190C31E048BA100F7348E /* ademruimte.mp3 */ = {isa = PBXFileReference; lastKnownFileType = audio.mp3; path = ademruimte.mp3; sourceTree = "<group>"; };
		A35190C41E048BA100F7348E /* bodyscan.mp3 */ = {isa = PBXFileReference; lastKnownFileType = audio.mp3; path = bodyscan.mp3; sourceTree = "<group>"; };
		A35190C61E048BA100F7348E /* Roboto-Black.ttf */ = {isa = PBXFileReference; lastKnownFileType = file; path = "Roboto-Black.ttf"; sourceTree = "<group>"; };
		A35190C71E048BA100F7348E /* Roboto-Bold.ttf */ = {isa = PBXFileReference; lastKnownFileType = file; path = "Roboto-Bold.ttf"; sourceTree = "<group>"; };
		A35190C81E048BA100F7348E /* Roboto-Light.ttf */ = {isa = PBXFileReference; lastKnownFileType = file; path = "Roboto-Light.ttf"; sourceTree = "<group>"; };
		A35190C91E048BA100F7348E /* Roboto-Medium.ttf */ = {isa = PBXFileReference; lastKnownFileType = file; path = "Roboto-Medium.ttf"; sourceTree = "<group>"; };
		A35190CA1E048BA100F7348E /* Roboto-Regular.ttf */ = {isa = PBXFileReference; lastKnownFileType = file; path = "Roboto-Regular.ttf"; sourceTree = "<group>"; };
		A35190CB1E048BA100F7348E /* Roboto-Thin.ttf */ = {isa = PBXFileReference; lastKnownFileType = file; path = "Roboto-Thin.ttf"; sourceTree = "<group>"; };
		A35190CC1E048BA100F7348E /* Treatments.plist */ = {isa = PBXFileReference; fileEncoding = 4; lastKnownFileType = text.plist.xml; path = Treatments.plist; sourceTree = "<group>"; };
		A35190D61E048BC900F7348E /* Assets.xcassets */ = {isa = PBXFileReference; lastKnownFileType = folder.assetcatalog; path = Assets.xcassets; sourceTree = "<group>"; };
		A35190D81E048BF200F7348E /* HomeViewController.swift */ = {isa = PBXFileReference; fileEncoding = 4; lastKnownFileType = sourcecode.swift; lineEnding = 0; path = HomeViewController.swift; sourceTree = "<group>"; xcLanguageSpecificationIdentifier = xcode.lang.swift; };
		A35190DA1E048C3F00F7348E /* HomeViewModel.swift */ = {isa = PBXFileReference; fileEncoding = 4; lastKnownFileType = sourcecode.swift; path = HomeViewModel.swift; sourceTree = "<group>"; };
		A35190DC1E048E2E00F7348E /* Colors.swift */ = {isa = PBXFileReference; fileEncoding = 4; lastKnownFileType = sourcecode.swift; path = Colors.swift; sourceTree = "<group>"; };
		A35190DE1E04910200F7348E /* Fonts.swift */ = {isa = PBXFileReference; fileEncoding = 4; lastKnownFileType = sourcecode.swift; path = Fonts.swift; sourceTree = "<group>"; };
		A35190E01E04992300F7348E /* MixedCell+Configurator.swift */ = {isa = PBXFileReference; fileEncoding = 4; lastKnownFileType = sourcecode.swift; lineEnding = 0; path = "MixedCell+Configurator.swift"; sourceTree = "<group>"; xcLanguageSpecificationIdentifier = xcode.lang.swift; };
		A35235A01E505B35007B0EE4 /* EmailView.swift */ = {isa = PBXFileReference; fileEncoding = 4; lastKnownFileType = sourcecode.swift; path = EmailView.swift; sourceTree = "<group>"; };
		A35235A21E5061A9007B0EE4 /* RemoveTreatmentsView.swift */ = {isa = PBXFileReference; fileEncoding = 4; lastKnownFileType = sourcecode.swift; path = RemoveTreatmentsView.swift; sourceTree = "<group>"; };
		A35235A41E5063F3007B0EE4 /* ReminderView.swift */ = {isa = PBXFileReference; fileEncoding = 4; lastKnownFileType = sourcecode.swift; path = ReminderView.swift; sourceTree = "<group>"; };
		A35235A71E506781007B0EE4 /* ReminderViewModel.swift */ = {isa = PBXFileReference; fileEncoding = 4; lastKnownFileType = sourcecode.swift; path = ReminderViewModel.swift; sourceTree = "<group>"; };
		A35235A91E506829007B0EE4 /* ReminderViewController.swift */ = {isa = PBXFileReference; fileEncoding = 4; lastKnownFileType = sourcecode.swift; lineEnding = 0; path = ReminderViewController.swift; sourceTree = "<group>"; xcLanguageSpecificationIdentifier = xcode.lang.swift; };
		A3523AC61E43D67300FCB89A /* ExerciseViewController.swift */ = {isa = PBXFileReference; fileEncoding = 4; lastKnownFileType = sourcecode.swift; path = ExerciseViewController.swift; sourceTree = "<group>"; };
		A3523AC81E43D69400FCB89A /* ExerciseViewModel.swift */ = {isa = PBXFileReference; fileEncoding = 4; lastKnownFileType = sourcecode.swift; path = ExerciseViewModel.swift; sourceTree = "<group>"; };
		A361E4221E4FB59200CFE9B8 /* Setting.swift */ = {isa = PBXFileReference; fileEncoding = 4; lastKnownFileType = sourcecode.swift; path = Setting.swift; sourceTree = "<group>"; };
		A361E4241E4FB5C700CFE9B8 /* MixedEntity.swift */ = {isa = PBXFileReference; fileEncoding = 4; lastKnownFileType = sourcecode.swift; path = MixedEntity.swift; sourceTree = "<group>"; };
		A363B5961E5098880068F754 /* MailComposerViewController.swift */ = {isa = PBXFileReference; fileEncoding = 4; lastKnownFileType = sourcecode.swift; path = MailComposerViewController.swift; sourceTree = "<group>"; };
		A363B5991E509C480068F754 /* TreatmentService.swift */ = {isa = PBXFileReference; fileEncoding = 4; lastKnownFileType = sourcecode.swift; path = TreatmentService.swift; sourceTree = "<group>"; };
		A363B5A81E50AF8F0068F754 /* Exercise.swift */ = {isa = PBXFileReference; fileEncoding = 4; lastKnownFileType = sourcecode.swift; path = Exercise.swift; sourceTree = "<group>"; };
		A363B5AA1E50AFD70068F754 /* DaySchedule.swift */ = {isa = PBXFileReference; fileEncoding = 4; lastKnownFileType = sourcecode.swift; path = DaySchedule.swift; sourceTree = "<group>"; };
		A38418451E58D7DC003914DB /* Reminder.swift */ = {isa = PBXFileReference; fileEncoding = 4; lastKnownFileType = sourcecode.swift; path = Reminder.swift; sourceTree = "<group>"; };
		A38418551E59C3C4003914DB /* AudioKit.framework */ = {isa = PBXFileReference; explicitFileType = wrapper.framework; includeInIndex = 0; path = AudioKit.framework; sourceTree = BUILT_PRODUCTS_DIR; };
		A38418751E59C94C003914DB /* AudioPlayerView.swift */ = {isa = PBXFileReference; fileEncoding = 4; lastKnownFileType = sourcecode.swift; lineEnding = 0; path = AudioPlayerView.swift; sourceTree = "<group>"; xcLanguageSpecificationIdentifier = xcode.lang.swift; };
		A384187D1E59D15E003914DB /* CollectionViewKit.framework */ = {isa = PBXFileReference; explicitFileType = wrapper.framework; includeInIndex = 0; path = CollectionViewKit.framework; sourceTree = BUILT_PRODUCTS_DIR; };
		A387217B1E6A21E1008C1EA9 /* LoaderView.swift */ = {isa = PBXFileReference; fileEncoding = 4; lastKnownFileType = sourcecode.swift; path = LoaderView.swift; sourceTree = "<group>"; };
		A3C474521E33748800B22AF3 /* WeekScheduleViewModel.swift */ = {isa = PBXFileReference; fileEncoding = 4; lastKnownFileType = sourcecode.swift; path = WeekScheduleViewModel.swift; sourceTree = "<group>"; };
		A3C474541E33758D00B22AF3 /* WeekScheduleViewController.swift */ = {isa = PBXFileReference; fileEncoding = 4; lastKnownFileType = sourcecode.swift; lineEnding = 0; path = WeekScheduleViewController.swift; sourceTree = "<group>"; xcLanguageSpecificationIdentifier = xcode.lang.swift; };
		A3C474561E337B7500B22AF3 /* WeekScheduleCell+Configurator.swift */ = {isa = PBXFileReference; fileEncoding = 4; lastKnownFileType = sourcecode.swift; lineEnding = 0; path = "WeekScheduleCell+Configurator.swift"; sourceTree = "<group>"; xcLanguageSpecificationIdentifier = xcode.lang.swift; };
		A3DDF8C21E4E868A0021F60D /* Result.swift */ = {isa = PBXFileReference; fileEncoding = 4; lastKnownFileType = sourcecode.swift; path = Result.swift; sourceTree = "<group>"; };
		A3DDF8C71E4F9E5D0021F60D /* SettingsCellConfigurator.swift */ = {isa = PBXFileReference; fileEncoding = 4; lastKnownFileType = sourcecode.swift; lineEnding = 0; path = SettingsCellConfigurator.swift; sourceTree = "<group>"; xcLanguageSpecificationIdentifier = xcode.lang.swift; };
		A3DFC3051E4788BC00292DB9 /* MindfulnessViewController.swift */ = {isa = PBXFileReference; fileEncoding = 4; lastKnownFileType = sourcecode.swift; lineEnding = 0; path = MindfulnessViewController.swift; sourceTree = "<group>"; xcLanguageSpecificationIdentifier = xcode.lang.swift; };
		A3E28F361E463FCC00C1B764 /* ActiveViewController.swift */ = {isa = PBXFileReference; fileEncoding = 4; lastKnownFileType = sourcecode.swift; lineEnding = 0; path = ActiveViewController.swift; sourceTree = "<group>"; xcLanguageSpecificationIdentifier = xcode.lang.swift; };
		A3E28F381E47281400C1B764 /* PositiveViewController.swift */ = {isa = PBXFileReference; fileEncoding = 4; lastKnownFileType = sourcecode.swift; lineEnding = 0; path = PositiveViewController.swift; sourceTree = "<group>"; xcLanguageSpecificationIdentifier = xcode.lang.swift; };
		A3FC9FAA1E562EFF006F10A1 /* NotificationService.swift */ = {isa = PBXFileReference; fileEncoding = 4; lastKnownFileType = sourcecode.swift; path = NotificationService.swift; sourceTree = "<group>"; };
		OBJ_14 /* StepUpDummy.swift */ = {isa = PBXFileReference; lastKnownFileType = sourcecode.swift; path = StepUpDummy.swift; sourceTree = "<group>"; };
		OBJ_18 /* FileKit.framework */ = {isa = PBXFileReference; explicitFileType = wrapper.framework; path = FileKit.framework; sourceTree = BUILT_PRODUCTS_DIR; };
		OBJ_19 /* App.framework */ = {isa = PBXFileReference; explicitFileType = wrapper.framework; path = App.framework; sourceTree = BUILT_PRODUCTS_DIR; };
		OBJ_6 /* Package.swift */ = {isa = PBXFileReference; explicitFileType = sourcecode.swift; path = Package.swift; sourceTree = "<group>"; };
/* End PBXFileReference section */

/* Begin PBXFrameworksBuildPhase section */
		A35190981E04898400F7348E /* Frameworks */ = {
			isa = PBXFrameworksBuildPhase;
			buildActionMask = 2147483647;
			files = (
				A384185C1E59C3C4003914DB /* AudioKit.framework in Frameworks */,
				A34671CE1E59F843000522B2 /* FileKit.framework in Frameworks */,
				A35190B21E048A7E00F7348E /* App.framework in Frameworks */,
				A38418841E59D15E003914DB /* CollectionViewKit.framework in Frameworks */,
			);
			runOnlyForDeploymentPostprocessing = 0;
		};
		A38418511E59C3C4003914DB /* Frameworks */ = {
			isa = PBXFrameworksBuildPhase;
			buildActionMask = 2147483647;
			files = (
			);
			runOnlyForDeploymentPostprocessing = 0;
		};
		A38418791E59D15E003914DB /* Frameworks */ = {
			isa = PBXFrameworksBuildPhase;
			buildActionMask = 2147483647;
			files = (
			);
			runOnlyForDeploymentPostprocessing = 0;
		};
		OBJ_28 /* Frameworks */ = {
			isa = PBXFrameworksBuildPhase;
			buildActionMask = 0;
			files = (
			);
			runOnlyForDeploymentPostprocessing = 0;
		};
		OBJ_35 /* Frameworks */ = {
			isa = PBXFrameworksBuildPhase;
			buildActionMask = 0;
			files = (
				OBJ_36 /* FileKit.framework in Frameworks */,
			);
			runOnlyForDeploymentPostprocessing = 0;
		};
/* End PBXFrameworksBuildPhase section */

/* Begin PBXGroup section */
		A3084EDE1E2EA2F8009C2CC3 /* Entities */ = {
			isa = PBXGroup;
			children = (
				A3084EDF1E2EA316009C2CC3 /* Treatment.swift */,
				A3DDF8C21E4E868A0021F60D /* Result.swift */,
				A361E4221E4FB59200CFE9B8 /* Setting.swift */,
				A361E4241E4FB5C700CFE9B8 /* MixedEntity.swift */,
				A38418451E58D7DC003914DB /* Reminder.swift */,
			);
			path = Entities;
			sourceTree = "<group>";
		};
		A32516CD1E997A7B00FB9647 /* FileKit */ = {
			isa = PBXGroup;
			children = (
				A32516CE1E997A7B00FB9647 /* Entities */,
				A32516D11E997A7B00FB9647 /* FileKit.swift */,
			);
			name = FileKit;
			path = ".build/checkouts/FileKit.git--6124915945545148143/Sources/FileKit";
			sourceTree = SOURCE_ROOT;
		};
		A32516CE1E997A7B00FB9647 /* Entities */ = {
			isa = PBXGroup;
			children = (
				A32516CF1E997A7B00FB9647 /* File.swift */,
				A32516D01E997A7B00FB9647 /* Folder.swift */,
			);
			path = Entities;
			sourceTree = "<group>";
		};
		A32516D51E997A9C00FB9647 /* CollectionViewKit */ = {
			isa = PBXGroup;
			children = (
				A32516D61E997A9C00FB9647 /* CellConfigurator */,
				A32516D81E997A9C00FB9647 /* CollectionView */,
				A32516DB1E997A9C00FB9647 /* DataHandler */,
			);
			name = CollectionViewKit;
			path = ".build/checkouts/CollectionViewKit.git--5627577022938072512/Sources/CollectionViewKit";
			sourceTree = SOURCE_ROOT;
		};
		A32516D61E997A9C00FB9647 /* CellConfigurator */ = {
			isa = PBXGroup;
			children = (
				A32516D71E997A9C00FB9647 /* CollectionViewCellConfigurator.swift */,
			);
			path = CellConfigurator;
			sourceTree = "<group>";
		};
		A32516D81E997A9C00FB9647 /* CollectionView */ = {
			isa = PBXGroup;
			children = (
				A32516D91E997A9C00FB9647 /* CollectionView+Reusable.swift */,
				A32516DA1E997A9C00FB9647 /* CollectionViewDataSource.swift */,
			);
			path = CollectionView;
			sourceTree = "<group>";
		};
		A32516DB1E997A9C00FB9647 /* DataHandler */ = {
			isa = PBXGroup;
			children = (
				A32516DC1E997A9C00FB9647 /* DataHandler.swift */,
				A32516DD1E997A9C00FB9647 /* Section.swift */,
				A32516DE1E997A9C00FB9647 /* SectionDataHandler.swift */,
			);
			path = DataHandler;
			sourceTree = "<group>";
		};
		A32516E51E997AB100FB9647 /* AudioKit */ = {
			isa = PBXGroup;
			children = (
				A32516E61E997AB100FB9647 /* AudioPlayer.swift */,
				A32516E71E997AB100FB9647 /* AudioPlaying.swift */,
				A32516E81E997AB100FB9647 /* Player.swift */,
			);
			name = AudioKit;
			path = ".build/checkouts/AudioKit.git--8306770101316847742/Sources/AudioKit";
			sourceTree = SOURCE_ROOT;
		};
		A351909C1E04898400F7348E /* StepUp */ = {
			isa = PBXGroup;
			children = (
				A3084EDE1E2EA2F8009C2CC3 /* Entities */,
				A35190BB1E048BA100F7348E /* Common */,
				A35190BD1E048BA100F7348E /* Modules */,
				A35190C11E048BA100F7348E /* Resources */,
				A351909D1E04898400F7348E /* AppDelegate.swift */,
				A35190A61E04898400F7348E /* LaunchScreen.storyboard */,
				A35190A91E04898400F7348E /* Info.plist */,
			);
			path = StepUp;
			sourceTree = "<group>";
		};
		A35190BB1E048BA100F7348E /* Common */ = {
			isa = PBXGroup;
			children = (
				A387217A1E6A21C0008C1EA9 /* Loader */,
				A38418741E59C94C003914DB /* AudioPlayer */,
				A363B5951E50985D0068F754 /* MailComposer */,
				A35190BC1E048BA100F7348E /* Theme */,
			);
			path = Common;
			sourceTree = "<group>";
		};
		A35190BC1E048BA100F7348E /* Theme */ = {
			isa = PBXGroup;
			children = (
				A35190DC1E048E2E00F7348E /* Colors.swift */,
				A35190DE1E04910200F7348E /* Fonts.swift */,
			);
			path = Theme;
			sourceTree = "<group>";
		};
		A35190BD1E048BA100F7348E /* Modules */ = {
			isa = PBXGroup;
			children = (
				A35235A61E506764007B0EE4 /* Reminder */,
				A3DDF8C61E4F9E1B0021F60D /* Settings */,
				A35190BF1E048BA100F7348E /* Home */,
				A35190C01E048BA100F7348E /* WeekSchedule */,
				A3523AC51E43D4EC00FCB89A /* Exercise */,
			);
			path = Modules;
			sourceTree = "<group>";
		};
		A35190BF1E048BA100F7348E /* Home */ = {
			isa = PBXGroup;
			children = (
				A35190D81E048BF200F7348E /* HomeViewController.swift */,
				A35190DA1E048C3F00F7348E /* HomeViewModel.swift */,
				A35190E01E04992300F7348E /* MixedCell+Configurator.swift */,
			);
			path = Home;
			sourceTree = "<group>";
		};
		A35190C01E048BA100F7348E /* WeekSchedule */ = {
			isa = PBXGroup;
			children = (
				A3C474521E33748800B22AF3 /* WeekScheduleViewModel.swift */,
				A3C474541E33758D00B22AF3 /* WeekScheduleViewController.swift */,
				A3C474561E337B7500B22AF3 /* WeekScheduleCell+Configurator.swift */,
			);
			path = WeekSchedule;
			sourceTree = "<group>";
		};
		A35190C11E048BA100F7348E /* Resources */ = {
			isa = PBXGroup;
			children = (
				A35190D61E048BC900F7348E /* Assets.xcassets */,
				A35190C21E048BA100F7348E /* Audio */,
				A35190C51E048BA100F7348E /* Fonts */,
				A35190CC1E048BA100F7348E /* Treatments.plist */,
			);
			path = Resources;
			sourceTree = "<group>";
		};
		A35190C21E048BA100F7348E /* Audio */ = {
			isa = PBXGroup;
			children = (
				A35190C31E048BA100F7348E /* ademruimte.mp3 */,
				A35190C41E048BA100F7348E /* bodyscan.mp3 */,
			);
			path = Audio;
			sourceTree = "<group>";
		};
		A35190C51E048BA100F7348E /* Fonts */ = {
			isa = PBXGroup;
			children = (
				A35190C61E048BA100F7348E /* Roboto-Black.ttf */,
				A35190C71E048BA100F7348E /* Roboto-Bold.ttf */,
				A35190C81E048BA100F7348E /* Roboto-Light.ttf */,
				A35190C91E048BA100F7348E /* Roboto-Medium.ttf */,
				A35190CA1E048BA100F7348E /* Roboto-Regular.ttf */,
				A35190CB1E048BA100F7348E /* Roboto-Thin.ttf */,
			);
			path = Fonts;
			sourceTree = "<group>";
		};
		A35235A61E506764007B0EE4 /* Reminder */ = {
			isa = PBXGroup;
			children = (
				A35235A71E506781007B0EE4 /* ReminderViewModel.swift */,
				A35235A91E506829007B0EE4 /* ReminderViewController.swift */,
			);
			path = Reminder;
			sourceTree = "<group>";
		};
		A3523AC51E43D4EC00FCB89A /* Exercise */ = {
			isa = PBXGroup;
			children = (
				A3523AC61E43D67300FCB89A /* ExerciseViewController.swift */,
				A3523AC81E43D69400FCB89A /* ExerciseViewModel.swift */,
				A3E28F361E463FCC00C1B764 /* ActiveViewController.swift */,
				A3E28F381E47281400C1B764 /* PositiveViewController.swift */,
				A3DFC3051E4788BC00292DB9 /* MindfulnessViewController.swift */,
			);
			name = Exercise;
			path = ExerciseActive;
			sourceTree = "<group>";
		};
		A363B5951E50985D0068F754 /* MailComposer */ = {
			isa = PBXGroup;
			children = (
				A363B5961E5098880068F754 /* MailComposerViewController.swift */,
			);
			path = MailComposer;
			sourceTree = "<group>";
		};
		A363B5981E509C1E0068F754 /* Services */ = {
			isa = PBXGroup;
			children = (
				A363B5991E509C480068F754 /* TreatmentService.swift */,
				A3FC9FAA1E562EFF006F10A1 /* NotificationService.swift */,
			);
			path = Services;
			sourceTree = "<group>";
		};
		A363B5A71E50AF470068F754 /* Entities */ = {
			isa = PBXGroup;
			children = (
				A363B5AA1E50AFD70068F754 /* DaySchedule.swift */,
				A363B5A81E50AF8F0068F754 /* Exercise.swift */,
			);
			path = Entities;
			sourceTree = "<group>";
		};
		A38418741E59C94C003914DB /* AudioPlayer */ = {
			isa = PBXGroup;
			children = (
				A38418751E59C94C003914DB /* AudioPlayerView.swift */,
			);
			path = AudioPlayer;
			sourceTree = "<group>";
		};
		A387217A1E6A21C0008C1EA9 /* Loader */ = {
			isa = PBXGroup;
			children = (
				A387217B1E6A21E1008C1EA9 /* LoaderView.swift */,
			);
			path = Loader;
			sourceTree = "<group>";
		};
		A3DDF8C61E4F9E1B0021F60D /* Settings */ = {
			isa = PBXGroup;
			children = (
				A3DDF8C71E4F9E5D0021F60D /* SettingsCellConfigurator.swift */,
				A35235A01E505B35007B0EE4 /* EmailView.swift */,
				A35235A21E5061A9007B0EE4 /* RemoveTreatmentsView.swift */,
				A35235A41E5063F3007B0EE4 /* ReminderView.swift */,
			);
			path = Settings;
			sourceTree = "<group>";
		};
		OBJ_13 /* App */ = {
			isa = PBXGroup;
			children = (
				A363B5A71E50AF470068F754 /* Entities */,
				A363B5981E509C1E0068F754 /* Services */,
				OBJ_14 /* StepUpDummy.swift */,
			);
			name = App;
			path = Sources/App;
			sourceTree = SOURCE_ROOT;
		};
		OBJ_15 /* Tests */ = {
			isa = PBXGroup;
			children = (
			);
			path = Tests;
			sourceTree = "<group>";
		};
		OBJ_17 /* Products */ = {
			isa = PBXGroup;
			children = (
				OBJ_18 /* FileKit.framework */,
				OBJ_19 /* App.framework */,
				A351909B1E04898400F7348E /* Step Up!.app */,
				A38418551E59C3C4003914DB /* AudioKit.framework */,
				A384187D1E59D15E003914DB /* CollectionViewKit.framework */,
			);
			name = Products;
			sourceTree = BUILT_PRODUCTS_DIR;
		};
		OBJ_5 = {
			isa = PBXGroup;
			children = (
				OBJ_6 /* Package.swift */,
				A351909C1E04898400F7348E /* StepUp */,
				OBJ_7 /* Sources */,
				OBJ_15 /* Tests */,
				OBJ_17 /* Products */,
			);
			sourceTree = "<group>";
		};
		OBJ_7 /* Sources */ = {
			isa = PBXGroup;
			children = (
				A32516E51E997AB100FB9647 /* AudioKit */,
				A32516D51E997A9C00FB9647 /* CollectionViewKit */,
				A32516CD1E997A7B00FB9647 /* FileKit */,
				OBJ_13 /* App */,
			);
			path = Sources;
			sourceTree = "<group>";
		};
/* End PBXGroup section */

/* Begin PBXHeadersBuildPhase section */
		A38418521E59C3C4003914DB /* Headers */ = {
			isa = PBXHeadersBuildPhase;
			buildActionMask = 2147483647;
			files = (
			);
			runOnlyForDeploymentPostprocessing = 0;
		};
		A384187A1E59D15E003914DB /* Headers */ = {
			isa = PBXHeadersBuildPhase;
			buildActionMask = 2147483647;
			files = (
			);
			runOnlyForDeploymentPostprocessing = 0;
		};
/* End PBXHeadersBuildPhase section */

/* Begin PBXNativeTarget section */
		A351909A1E04898400F7348E /* StepUp */ = {
			isa = PBXNativeTarget;
			buildConfigurationList = A35190AA1E04898400F7348E /* Build configuration list for PBXNativeTarget "StepUp" */;
			buildPhases = (
				A35190971E04898400F7348E /* Sources */,
				A35190981E04898400F7348E /* Frameworks */,
				A35190991E04898400F7348E /* Resources */,
				A35190B61E048A7E00F7348E /* Embed Frameworks */,
				A34CAE481E31581A00CD1723 /* Swiftlinter */,
			);
			buildRules = (
			);
			dependencies = (
				A35190B51E048A7E00F7348E /* PBXTargetDependency */,
				A384185B1E59C3C4003914DB /* PBXTargetDependency */,
				A38418831E59D15E003914DB /* PBXTargetDependency */,
				A34671D11E59F843000522B2 /* PBXTargetDependency */,
			);
			name = StepUp;
			productName = StepUp;
			productReference = A351909B1E04898400F7348E /* Step Up!.app */;
			productType = "com.apple.product-type.application";
		};
		A38418541E59C3C4003914DB /* AudioKit */ = {
			isa = PBXNativeTarget;
			buildConfigurationList = A384185E1E59C3C4003914DB /* Build configuration list for PBXNativeTarget "AudioKit" */;
			buildPhases = (
				A38418501E59C3C4003914DB /* Sources */,
				A38418511E59C3C4003914DB /* Frameworks */,
				A38418521E59C3C4003914DB /* Headers */,
				A38418531E59C3C4003914DB /* Resources */,
			);
			buildRules = (
			);
			dependencies = (
			);
			name = AudioKit;
			productName = AudioKit;
			productReference = A38418551E59C3C4003914DB /* AudioKit.framework */;
			productType = "com.apple.product-type.framework";
		};
		A384187C1E59D15E003914DB /* CollectionViewKit */ = {
			isa = PBXNativeTarget;
			buildConfigurationList = A38418861E59D15E003914DB /* Build configuration list for PBXNativeTarget "CollectionViewKit" */;
			buildPhases = (
				A38418781E59D15E003914DB /* Sources */,
				A38418791E59D15E003914DB /* Frameworks */,
				A384187A1E59D15E003914DB /* Headers */,
				A384187B1E59D15E003914DB /* Resources */,
			);
			buildRules = (
			);
			dependencies = (
			);
			name = CollectionViewKit;
			productName = CollectionViewKit;
			productReference = A384187D1E59D15E003914DB /* CollectionViewKit.framework */;
			productType = "com.apple.product-type.framework";
		};
		OBJ_20 /* FileKit */ = {
			isa = PBXNativeTarget;
			buildConfigurationList = OBJ_21 /* Build configuration list for PBXNativeTarget "FileKit" */;
			buildPhases = (
				OBJ_24 /* Sources */,
				OBJ_28 /* Frameworks */,
			);
			buildRules = (
			);
			dependencies = (
			);
			name = FileKit;
			productName = FileKit;
			productReference = OBJ_18 /* FileKit.framework */;
			productType = "com.apple.product-type.framework";
		};
		OBJ_29 /* App */ = {
			isa = PBXNativeTarget;
			buildConfigurationList = OBJ_30 /* Build configuration list for PBXNativeTarget "App" */;
			buildPhases = (
				OBJ_33 /* Sources */,
				OBJ_35 /* Frameworks */,
			);
			buildRules = (
			);
			dependencies = (
				OBJ_37 /* PBXTargetDependency */,
			);
			name = App;
			productName = App;
			productReference = OBJ_19 /* App.framework */;
			productType = "com.apple.product-type.framework";
		};
/* End PBXNativeTarget section */

/* Begin PBXProject section */
		OBJ_1 /* Project object */ = {
			isa = PBXProject;
			attributes = {
				LastSwiftUpdateCheck = 0820;
				LastUpgradeCheck = 0830;
				TargetAttributes = {
					A351909A1E04898400F7348E = {
						CreatedOnToolsVersion = 8.2;
						DevelopmentTeam = HR3UT8B3MJ;
						ProvisioningStyle = Manual;
						SystemCapabilities = {
							com.apple.BackgroundModes = {
								enabled = 1;
							};
						};
					};
					A38418541E59C3C4003914DB = {
						CreatedOnToolsVersion = 8.2.1;
						LastSwiftMigration = 0820;
						ProvisioningStyle = Manual;
					};
					A384187C1E59D15E003914DB = {
						CreatedOnToolsVersion = 8.2.1;
						ProvisioningStyle = Manual;
					};
					OBJ_20 = {
						DevelopmentTeam = HR3UT8B3MJ;
						ProvisioningStyle = Manual;
					};
					OBJ_29 = {
						ProvisioningStyle = Manual;
					};
				};
			};
			buildConfigurationList = OBJ_2 /* Build configuration list for PBXProject "StepUp" */;
			compatibilityVersion = "Xcode 3.2";
			developmentRegion = English;
			hasScannedForEncodings = 0;
			knownRegions = (
				en,
				Base,
			);
			mainGroup = OBJ_5;
			productRefGroup = OBJ_17 /* Products */;
			projectDirPath = "";
			projectRoot = "";
			targets = (
				OBJ_20 /* FileKit */,
				OBJ_29 /* App */,
				A38418541E59C3C4003914DB /* AudioKit */,
				A384187C1E59D15E003914DB /* CollectionViewKit */,
				A351909A1E04898400F7348E /* StepUp */,
			);
		};
/* End PBXProject section */

/* Begin PBXResourcesBuildPhase section */
		A35190991E04898400F7348E /* Resources */ = {
			isa = PBXResourcesBuildPhase;
			buildActionMask = 2147483647;
			files = (
				A35190D21E048BA100F7348E /* Roboto-Medium.ttf in Resources */,
				A35190A81E04898400F7348E /* LaunchScreen.storyboard in Resources */,
				A35190D71E048BC900F7348E /* Assets.xcassets in Resources */,
				A35190CE1E048BA100F7348E /* bodyscan.mp3 in Resources */,
				A35190D01E048BA100F7348E /* Roboto-Bold.ttf in Resources */,
				A35190CF1E048BA100F7348E /* Roboto-Black.ttf in Resources */,
				A35190D11E048BA100F7348E /* Roboto-Light.ttf in Resources */,
				A35190D31E048BA100F7348E /* Roboto-Regular.ttf in Resources */,
				A35190CD1E048BA100F7348E /* ademruimte.mp3 in Resources */,
				A35190D41E048BA100F7348E /* Roboto-Thin.ttf in Resources */,
				A35190D51E048BA100F7348E /* Treatments.plist in Resources */,
			);
			runOnlyForDeploymentPostprocessing = 0;
		};
		A38418531E59C3C4003914DB /* Resources */ = {
			isa = PBXResourcesBuildPhase;
			buildActionMask = 2147483647;
			files = (
			);
			runOnlyForDeploymentPostprocessing = 0;
		};
		A384187B1E59D15E003914DB /* Resources */ = {
			isa = PBXResourcesBuildPhase;
			buildActionMask = 2147483647;
			files = (
			);
			runOnlyForDeploymentPostprocessing = 0;
		};
/* End PBXResourcesBuildPhase section */

/* Begin PBXShellScriptBuildPhase section */
		A34CAE481E31581A00CD1723 /* Swiftlinter */ = {
			isa = PBXShellScriptBuildPhase;
			buildActionMask = 2147483647;
			files = (
			);
			inputPaths = (
			);
			name = Swiftlinter;
			outputPaths = (
			);
			runOnlyForDeploymentPostprocessing = 0;
			shellPath = /bin/sh;
			shellScript = "debugConfigName=\"Debug\"\nif [ \"$debugConfigName\" == \"${CONFIGURATION}\" ] && which swiftlint>/dev/null ; then    swiftlint\nelse\n    echo \"warning: SwiftLint not installed, download from https://github.com/realm/SwiftLint\"\nfi";
		};
/* End PBXShellScriptBuildPhase section */

/* Begin PBXSourcesBuildPhase section */
		A35190971E04898400F7348E /* Sources */ = {
			isa = PBXSourcesBuildPhase;
			buildActionMask = 2147483647;
			files = (
				A351909E1E04898400F7348E /* AppDelegate.swift in Sources */,
				A3084EE01E2EA316009C2CC3 /* Treatment.swift in Sources */,
				A35235AA1E506829007B0EE4 /* ReminderViewController.swift in Sources */,
				A3523AC71E43D67300FCB89A /* ExerciseViewController.swift in Sources */,
				A3DFC3061E4788BC00292DB9 /* MindfulnessViewController.swift in Sources */,
				A35235A31E5061A9007B0EE4 /* RemoveTreatmentsView.swift in Sources */,
				A3DDF8C31E4E868A0021F60D /* Result.swift in Sources */,
				A3523AC91E43D69400FCB89A /* ExerciseViewModel.swift in Sources */,
				A35235A11E505B35007B0EE4 /* EmailView.swift in Sources */,
				A363B5971E5098880068F754 /* MailComposerViewController.swift in Sources */,
				A3C474551E33758D00B22AF3 /* WeekScheduleViewController.swift in Sources */,
				A35235A81E506781007B0EE4 /* ReminderViewModel.swift in Sources */,
				A35235A51E5063F3007B0EE4 /* ReminderView.swift in Sources */,
				A3E28F391E47281400C1B764 /* PositiveViewController.swift in Sources */,
				A35190E11E04992300F7348E /* MixedCell+Configurator.swift in Sources */,
				A35190DF1E04910200F7348E /* Fonts.swift in Sources */,
				A3C474571E337B7500B22AF3 /* WeekScheduleCell+Configurator.swift in Sources */,
				A387217C1E6A21E1008C1EA9 /* LoaderView.swift in Sources */,
				A35190DD1E048E2E00F7348E /* Colors.swift in Sources */,
				A361E4251E4FB5C700CFE9B8 /* MixedEntity.swift in Sources */,
				A3DDF8C81E4F9E5D0021F60D /* SettingsCellConfigurator.swift in Sources */,
				A3C474531E33748800B22AF3 /* WeekScheduleViewModel.swift in Sources */,
				A38418461E58D7DC003914DB /* Reminder.swift in Sources */,
				A3E28F371E463FCC00C1B764 /* ActiveViewController.swift in Sources */,
				A361E4231E4FB59200CFE9B8 /* Setting.swift in Sources */,
				A35190DB1E048C3F00F7348E /* HomeViewModel.swift in Sources */,
				A35190D91E048BF200F7348E /* HomeViewController.swift in Sources */,
				A38418761E59C94C003914DB /* AudioPlayerView.swift in Sources */,
			);
			runOnlyForDeploymentPostprocessing = 0;
		};
		A38418501E59C3C4003914DB /* Sources */ = {
			isa = PBXSourcesBuildPhase;
			buildActionMask = 2147483647;
			files = (
				A32516EE1E997AFC00FB9647 /* Player.swift in Sources */,
				A32516EF1E997B0100FB9647 /* AudioPlaying.swift in Sources */,
				A32516ED1E997AF800FB9647 /* AudioPlayer.swift in Sources */,
			);
			runOnlyForDeploymentPostprocessing = 0;
		};
		A38418781E59D15E003914DB /* Sources */ = {
			isa = PBXSourcesBuildPhase;
			buildActionMask = 2147483647;
			files = (
				A32516E31E997A9C00FB9647 /* Section.swift in Sources */,
				A32516E21E997A9C00FB9647 /* DataHandler.swift in Sources */,
				A32516DF1E997A9C00FB9647 /* CollectionViewCellConfigurator.swift in Sources */,
				A32516E11E997A9C00FB9647 /* CollectionViewDataSource.swift in Sources */,
				A32516E41E997A9C00FB9647 /* SectionDataHandler.swift in Sources */,
				A32516E01E997A9C00FB9647 /* CollectionView+Reusable.swift in Sources */,
			);
			runOnlyForDeploymentPostprocessing = 0;
		};
		OBJ_24 /* Sources */ = {
			isa = PBXSourcesBuildPhase;
			buildActionMask = 0;
			files = (
				A32516D21E997A7B00FB9647 /* File.swift in Sources */,
				A32516D31E997A7B00FB9647 /* Folder.swift in Sources */,
				A32516D41E997A7B00FB9647 /* FileKit.swift in Sources */,
			);
			runOnlyForDeploymentPostprocessing = 0;
		};
		OBJ_33 /* Sources */ = {
			isa = PBXSourcesBuildPhase;
			buildActionMask = 0;
			files = (
				A363B5A61E50AECC0068F754 /* TreatmentService.swift in Sources */,
				OBJ_34 /* StepUpDummy.swift in Sources */,
				A363B5A91E50AF8F0068F754 /* Exercise.swift in Sources */,
				A3FC9FAB1E562EFF006F10A1 /* NotificationService.swift in Sources */,
				A363B5AB1E50AFD70068F754 /* DaySchedule.swift in Sources */,
			);
			runOnlyForDeploymentPostprocessing = 0;
		};
/* End PBXSourcesBuildPhase section */

/* Begin PBXTargetDependency section */
		A34671D11E59F843000522B2 /* PBXTargetDependency */ = {
			isa = PBXTargetDependency;
			target = OBJ_20 /* FileKit */;
			targetProxy = A34671D01E59F843000522B2 /* PBXContainerItemProxy */;
		};
		A35190B51E048A7E00F7348E /* PBXTargetDependency */ = {
			isa = PBXTargetDependency;
			target = OBJ_29 /* App */;
			targetProxy = A35190B41E048A7E00F7348E /* PBXContainerItemProxy */;
		};
		A384185B1E59C3C4003914DB /* PBXTargetDependency */ = {
			isa = PBXTargetDependency;
			target = A38418541E59C3C4003914DB /* AudioKit */;
			targetProxy = A384185A1E59C3C4003914DB /* PBXContainerItemProxy */;
		};
		A38418831E59D15E003914DB /* PBXTargetDependency */ = {
			isa = PBXTargetDependency;
			target = A384187C1E59D15E003914DB /* CollectionViewKit */;
			targetProxy = A38418821E59D15E003914DB /* PBXContainerItemProxy */;
		};
		OBJ_37 /* PBXTargetDependency */ = {
			isa = PBXTargetDependency;
			target = OBJ_20 /* FileKit */;
			targetProxy = A35190961E04895500F7348E /* PBXContainerItemProxy */;
		};
/* End PBXTargetDependency section */

/* Begin PBXVariantGroup section */
		A35190A61E04898400F7348E /* LaunchScreen.storyboard */ = {
			isa = PBXVariantGroup;
			children = (
				A35190A71E04898400F7348E /* Base */,
			);
			name = LaunchScreen.storyboard;
			sourceTree = "<group>";
		};
/* End PBXVariantGroup section */

/* Begin XCBuildConfiguration section */
		A35190AB1E04898400F7348E /* Debug */ = {
			isa = XCBuildConfiguration;
			buildSettings = {
				ALWAYS_EMBED_SWIFT_STANDARD_LIBRARIES = YES;
				ALWAYS_SEARCH_USER_PATHS = NO;
				ASSETCATALOG_COMPILER_APPICON_NAME = AppIcon;
				CLANG_ANALYZER_NONNULL = YES;
				CLANG_CXX_LANGUAGE_STANDARD = "gnu++0x";
				CLANG_CXX_LIBRARY = "libc++";
				CLANG_ENABLE_MODULES = YES;
				CLANG_ENABLE_OBJC_ARC = YES;
				CLANG_WARN_BOOL_CONVERSION = YES;
				CLANG_WARN_CONSTANT_CONVERSION = YES;
				CLANG_WARN_DIRECT_OBJC_ISA_USAGE = YES_ERROR;
				CLANG_WARN_DOCUMENTATION_COMMENTS = YES;
				CLANG_WARN_EMPTY_BODY = YES;
				CLANG_WARN_ENUM_CONVERSION = YES;
				CLANG_WARN_INFINITE_RECURSION = YES;
				CLANG_WARN_INT_CONVERSION = YES;
				CLANG_WARN_OBJC_ROOT_CLASS = YES_ERROR;
				CLANG_WARN_SUSPICIOUS_MOVE = YES;
				CLANG_WARN_UNREACHABLE_CODE = YES;
				CLANG_WARN__DUPLICATE_METHOD_MATCH = YES;
				"CODE_SIGN_IDENTITY[sdk=iphoneos*]" = "iPhone Developer";
				DEVELOPMENT_TEAM = HR3UT8B3MJ;
				ENABLE_STRICT_OBJC_MSGSEND = YES;
				ENABLE_TESTABILITY = YES;
				GCC_C_LANGUAGE_STANDARD = gnu99;
				GCC_DYNAMIC_NO_PIC = NO;
				GCC_NO_COMMON_BLOCKS = YES;
				GCC_PREPROCESSOR_DEFINITIONS = (
					"DEBUG=1",
					"$(inherited)",
				);
				GCC_WARN_64_TO_32_BIT_CONVERSION = YES;
				GCC_WARN_ABOUT_RETURN_TYPE = YES_ERROR;
				GCC_WARN_UNDECLARED_SELECTOR = YES;
				GCC_WARN_UNINITIALIZED_AUTOS = YES_AGGRESSIVE;
				GCC_WARN_UNUSED_FUNCTION = YES;
				GCC_WARN_UNUSED_VARIABLE = YES;
				INFOPLIST_FILE = StepUp/Info.plist;
				IPHONEOS_DEPLOYMENT_TARGET = 10.2;
				LD_RUNPATH_SEARCH_PATHS = "$(inherited) @executable_path/Frameworks";
				MTL_ENABLE_DEBUG_INFO = YES;
				PRODUCT_BUNDLE_IDENTIFIER = nl.eelcokoelewijn.StepUp;
				PROVISIONING_PROFILE = "ecd6bc7b-373c-4c9a-b37d-e0fd440575d9";
				PROVISIONING_PROFILE_SPECIFIER = "StepUp! Development";
				SWIFT_ACTIVE_COMPILATION_CONDITIONS = DEBUG;
				SWIFT_VERSION = 3.0;
				TARGETED_DEVICE_FAMILY = 1;
			};
			name = Debug;
		};
		A35190AC1E04898400F7348E /* Release */ = {
			isa = XCBuildConfiguration;
			buildSettings = {
				ALWAYS_EMBED_SWIFT_STANDARD_LIBRARIES = YES;
				ALWAYS_SEARCH_USER_PATHS = NO;
				ASSETCATALOG_COMPILER_APPICON_NAME = AppIcon;
				CLANG_ANALYZER_NONNULL = YES;
				CLANG_CXX_LANGUAGE_STANDARD = "gnu++0x";
				CLANG_CXX_LIBRARY = "libc++";
				CLANG_ENABLE_MODULES = YES;
				CLANG_ENABLE_OBJC_ARC = YES;
				CLANG_WARN_BOOL_CONVERSION = YES;
				CLANG_WARN_CONSTANT_CONVERSION = YES;
				CLANG_WARN_DIRECT_OBJC_ISA_USAGE = YES_ERROR;
				CLANG_WARN_DOCUMENTATION_COMMENTS = YES;
				CLANG_WARN_EMPTY_BODY = YES;
				CLANG_WARN_ENUM_CONVERSION = YES;
				CLANG_WARN_INFINITE_RECURSION = YES;
				CLANG_WARN_INT_CONVERSION = YES;
				CLANG_WARN_OBJC_ROOT_CLASS = YES_ERROR;
				CLANG_WARN_SUSPICIOUS_MOVE = YES;
				CLANG_WARN_UNREACHABLE_CODE = YES;
				CLANG_WARN__DUPLICATE_METHOD_MATCH = YES;
				"CODE_SIGN_IDENTITY[sdk=iphoneos*]" = "iPhone Distribution";
				COPY_PHASE_STRIP = NO;
				DEVELOPMENT_TEAM = HR3UT8B3MJ;
				ENABLE_NS_ASSERTIONS = NO;
				ENABLE_STRICT_OBJC_MSGSEND = YES;
				GCC_C_LANGUAGE_STANDARD = gnu99;
				GCC_NO_COMMON_BLOCKS = YES;
				GCC_WARN_64_TO_32_BIT_CONVERSION = YES;
				GCC_WARN_ABOUT_RETURN_TYPE = YES_ERROR;
				GCC_WARN_UNDECLARED_SELECTOR = YES;
				GCC_WARN_UNINITIALIZED_AUTOS = YES_AGGRESSIVE;
				GCC_WARN_UNUSED_FUNCTION = YES;
				GCC_WARN_UNUSED_VARIABLE = YES;
				INFOPLIST_FILE = StepUp/Info.plist;
				IPHONEOS_DEPLOYMENT_TARGET = 10.2;
				LD_RUNPATH_SEARCH_PATHS = "$(inherited) @executable_path/Frameworks";
				MTL_ENABLE_DEBUG_INFO = NO;
				PRODUCT_BUNDLE_IDENTIFIER = nl.eelcokoelewijn.StepUp;
				PROVISIONING_PROFILE = "5581e79b-0bd3-4159-ae35-ece7b2a6021a";
				PROVISIONING_PROFILE_SPECIFIER = "StepUp! AppStore Distribution";
				SWIFT_OPTIMIZATION_LEVEL = "-Owholemodule";
				SWIFT_VERSION = 3.0;
				TARGETED_DEVICE_FAMILY = 1;
				VALIDATE_PRODUCT = YES;
			};
			name = Release;
		};
		A384185F1E59C3C4003914DB /* Debug */ = {
			isa = XCBuildConfiguration;
			buildSettings = {
				ALWAYS_SEARCH_USER_PATHS = NO;
				CLANG_ANALYZER_NONNULL = YES;
				CLANG_CXX_LANGUAGE_STANDARD = "gnu++0x";
				CLANG_CXX_LIBRARY = "libc++";
				CLANG_ENABLE_MODULES = YES;
				CLANG_ENABLE_OBJC_ARC = YES;
				CLANG_WARN_BOOL_CONVERSION = YES;
				CLANG_WARN_CONSTANT_CONVERSION = YES;
				CLANG_WARN_DIRECT_OBJC_ISA_USAGE = YES_ERROR;
				CLANG_WARN_DOCUMENTATION_COMMENTS = YES;
				CLANG_WARN_EMPTY_BODY = YES;
				CLANG_WARN_ENUM_CONVERSION = YES;
				CLANG_WARN_INFINITE_RECURSION = YES;
				CLANG_WARN_INT_CONVERSION = YES;
				CLANG_WARN_OBJC_ROOT_CLASS = YES_ERROR;
				CLANG_WARN_SUSPICIOUS_MOVE = YES;
				CLANG_WARN_UNREACHABLE_CODE = YES;
				CLANG_WARN__DUPLICATE_METHOD_MATCH = YES;
				"CODE_SIGN_IDENTITY[sdk=iphoneos*]" = "";
				CURRENT_PROJECT_VERSION = 1;
				DEFINES_MODULE = YES;
				DEVELOPMENT_TEAM = "";
				ENABLE_STRICT_OBJC_MSGSEND = YES;
				ENABLE_TESTABILITY = YES;
				GCC_C_LANGUAGE_STANDARD = gnu99;
				GCC_DYNAMIC_NO_PIC = NO;
				GCC_NO_COMMON_BLOCKS = YES;
				GCC_PREPROCESSOR_DEFINITIONS = (
					"DEBUG=1",
					"$(inherited)",
				);
				GCC_WARN_64_TO_32_BIT_CONVERSION = YES;
				GCC_WARN_ABOUT_RETURN_TYPE = YES_ERROR;
				GCC_WARN_UNDECLARED_SELECTOR = YES;
				GCC_WARN_UNINITIALIZED_AUTOS = YES_AGGRESSIVE;
				GCC_WARN_UNUSED_FUNCTION = YES;
				GCC_WARN_UNUSED_VARIABLE = YES;
				INFOPLIST_FILE = StepUp.xcodeproj/AudioKit_Info.plist;
				LD_RUNPATH_SEARCH_PATHS = "$(inherited) @executable_path/Frameworks @loader_path/Frameworks";
				MTL_ENABLE_DEBUG_INFO = YES;
				PRODUCT_BUNDLE_IDENTIFIER = AudioKit;
				PRODUCT_NAME = "$(TARGET_NAME)";
				SKIP_INSTALL = YES;
				SWIFT_ACTIVE_COMPILATION_CONDITIONS = DEBUG;
				SWIFT_OPTIMIZATION_LEVEL = "-Onone";
				SWIFT_VERSION = 3.0;
				VERSIONING_SYSTEM = "apple-generic";
				VERSION_INFO_PREFIX = "";
			};
			name = Debug;
		};
		A38418601E59C3C4003914DB /* Release */ = {
			isa = XCBuildConfiguration;
			buildSettings = {
				ALWAYS_SEARCH_USER_PATHS = NO;
				CLANG_ANALYZER_NONNULL = YES;
				CLANG_CXX_LANGUAGE_STANDARD = "gnu++0x";
				CLANG_CXX_LIBRARY = "libc++";
				CLANG_ENABLE_MODULES = YES;
				CLANG_ENABLE_OBJC_ARC = YES;
				CLANG_WARN_BOOL_CONVERSION = YES;
				CLANG_WARN_CONSTANT_CONVERSION = YES;
				CLANG_WARN_DIRECT_OBJC_ISA_USAGE = YES_ERROR;
				CLANG_WARN_DOCUMENTATION_COMMENTS = YES;
				CLANG_WARN_EMPTY_BODY = YES;
				CLANG_WARN_ENUM_CONVERSION = YES;
				CLANG_WARN_INFINITE_RECURSION = YES;
				CLANG_WARN_INT_CONVERSION = YES;
				CLANG_WARN_OBJC_ROOT_CLASS = YES_ERROR;
				CLANG_WARN_SUSPICIOUS_MOVE = YES;
				CLANG_WARN_UNREACHABLE_CODE = YES;
				CLANG_WARN__DUPLICATE_METHOD_MATCH = YES;
				"CODE_SIGN_IDENTITY[sdk=iphoneos*]" = "";
				CURRENT_PROJECT_VERSION = 1;
				DEFINES_MODULE = YES;
				DEVELOPMENT_TEAM = "";
				ENABLE_NS_ASSERTIONS = NO;
				ENABLE_STRICT_OBJC_MSGSEND = YES;
				GCC_C_LANGUAGE_STANDARD = gnu99;
				GCC_NO_COMMON_BLOCKS = YES;
				GCC_WARN_64_TO_32_BIT_CONVERSION = YES;
				GCC_WARN_ABOUT_RETURN_TYPE = YES_ERROR;
				GCC_WARN_UNDECLARED_SELECTOR = YES;
				GCC_WARN_UNINITIALIZED_AUTOS = YES_AGGRESSIVE;
				GCC_WARN_UNUSED_FUNCTION = YES;
				GCC_WARN_UNUSED_VARIABLE = YES;
				INFOPLIST_FILE = StepUp.xcodeproj/AudioKit_Info.plist;
				LD_RUNPATH_SEARCH_PATHS = "$(inherited) @executable_path/Frameworks @loader_path/Frameworks";
				MTL_ENABLE_DEBUG_INFO = NO;
				PRODUCT_BUNDLE_IDENTIFIER = AudioKit;
				PRODUCT_NAME = "$(TARGET_NAME)";
				SKIP_INSTALL = YES;
				SWIFT_OPTIMIZATION_LEVEL = "-Owholemodule";
				SWIFT_VERSION = 3.0;
				VERSIONING_SYSTEM = "apple-generic";
				VERSION_INFO_PREFIX = "";
			};
			name = Release;
		};
		A38418871E59D15E003914DB /* Debug */ = {
			isa = XCBuildConfiguration;
			buildSettings = {
				ALWAYS_SEARCH_USER_PATHS = NO;
				CLANG_ANALYZER_NONNULL = YES;
				CLANG_CXX_LANGUAGE_STANDARD = "gnu++0x";
				CLANG_CXX_LIBRARY = "libc++";
				CLANG_ENABLE_MODULES = YES;
				CLANG_ENABLE_OBJC_ARC = YES;
				CLANG_WARN_BOOL_CONVERSION = YES;
				CLANG_WARN_CONSTANT_CONVERSION = YES;
				CLANG_WARN_DIRECT_OBJC_ISA_USAGE = YES_ERROR;
				CLANG_WARN_DOCUMENTATION_COMMENTS = YES;
				CLANG_WARN_EMPTY_BODY = YES;
				CLANG_WARN_ENUM_CONVERSION = YES;
				CLANG_WARN_INFINITE_RECURSION = YES;
				CLANG_WARN_INT_CONVERSION = YES;
				CLANG_WARN_OBJC_ROOT_CLASS = YES_ERROR;
				CLANG_WARN_SUSPICIOUS_MOVE = YES;
				CLANG_WARN_UNREACHABLE_CODE = YES;
				CLANG_WARN__DUPLICATE_METHOD_MATCH = YES;
				"CODE_SIGN_IDENTITY[sdk=iphoneos*]" = "";
				CURRENT_PROJECT_VERSION = 1;
				DEVELOPMENT_TEAM = "";
				DYLIB_COMPATIBILITY_VERSION = 1;
				DYLIB_CURRENT_VERSION = 1;
				ENABLE_STRICT_OBJC_MSGSEND = YES;
				ENABLE_TESTABILITY = YES;
				GCC_C_LANGUAGE_STANDARD = gnu99;
				GCC_DYNAMIC_NO_PIC = NO;
				GCC_NO_COMMON_BLOCKS = YES;
				GCC_PREPROCESSOR_DEFINITIONS = (
					"DEBUG=1",
					"$(inherited)",
				);
				GCC_WARN_64_TO_32_BIT_CONVERSION = YES;
				GCC_WARN_ABOUT_RETURN_TYPE = YES_ERROR;
				GCC_WARN_UNDECLARED_SELECTOR = YES;
				GCC_WARN_UNINITIALIZED_AUTOS = YES_AGGRESSIVE;
				GCC_WARN_UNUSED_FUNCTION = YES;
				GCC_WARN_UNUSED_VARIABLE = YES;
				INFOPLIST_FILE = StepUp.xcodeproj/CollectionViewKit_Info.plist;
				MTL_ENABLE_DEBUG_INFO = YES;
				PRODUCT_BUNDLE_IDENTIFIER = CollectionViewKit;
				PRODUCT_NAME = "$(TARGET_NAME)";
				SKIP_INSTALL = YES;
				SWIFT_ACTIVE_COMPILATION_CONDITIONS = DEBUG;
				SWIFT_VERSION = 3.0;
				VERSIONING_SYSTEM = "apple-generic";
				VERSION_INFO_PREFIX = "";
			};
			name = Debug;
		};
		A38418881E59D15E003914DB /* Release */ = {
			isa = XCBuildConfiguration;
			buildSettings = {
				ALWAYS_SEARCH_USER_PATHS = NO;
				CLANG_ANALYZER_NONNULL = YES;
				CLANG_CXX_LANGUAGE_STANDARD = "gnu++0x";
				CLANG_CXX_LIBRARY = "libc++";
				CLANG_ENABLE_MODULES = YES;
				CLANG_ENABLE_OBJC_ARC = YES;
				CLANG_WARN_BOOL_CONVERSION = YES;
				CLANG_WARN_CONSTANT_CONVERSION = YES;
				CLANG_WARN_DIRECT_OBJC_ISA_USAGE = YES_ERROR;
				CLANG_WARN_DOCUMENTATION_COMMENTS = YES;
				CLANG_WARN_EMPTY_BODY = YES;
				CLANG_WARN_ENUM_CONVERSION = YES;
				CLANG_WARN_INFINITE_RECURSION = YES;
				CLANG_WARN_INT_CONVERSION = YES;
				CLANG_WARN_OBJC_ROOT_CLASS = YES_ERROR;
				CLANG_WARN_SUSPICIOUS_MOVE = YES;
				CLANG_WARN_UNREACHABLE_CODE = YES;
				CLANG_WARN__DUPLICATE_METHOD_MATCH = YES;
				"CODE_SIGN_IDENTITY[sdk=iphoneos*]" = "";
				CURRENT_PROJECT_VERSION = 1;
				DEVELOPMENT_TEAM = "";
				DYLIB_COMPATIBILITY_VERSION = 1;
				DYLIB_CURRENT_VERSION = 1;
				ENABLE_NS_ASSERTIONS = NO;
				ENABLE_STRICT_OBJC_MSGSEND = YES;
				GCC_C_LANGUAGE_STANDARD = gnu99;
				GCC_NO_COMMON_BLOCKS = YES;
				GCC_WARN_64_TO_32_BIT_CONVERSION = YES;
				GCC_WARN_ABOUT_RETURN_TYPE = YES_ERROR;
				GCC_WARN_UNDECLARED_SELECTOR = YES;
				GCC_WARN_UNINITIALIZED_AUTOS = YES_AGGRESSIVE;
				GCC_WARN_UNUSED_FUNCTION = YES;
				GCC_WARN_UNUSED_VARIABLE = YES;
				INFOPLIST_FILE = StepUp.xcodeproj/CollectionViewKit_Info.plist;
				MTL_ENABLE_DEBUG_INFO = NO;
				PRODUCT_BUNDLE_IDENTIFIER = CollectionViewKit;
				PRODUCT_NAME = "$(TARGET_NAME)";
				SKIP_INSTALL = YES;
				SWIFT_OPTIMIZATION_LEVEL = "-Owholemodule";
				SWIFT_VERSION = 3.0;
				VERSIONING_SYSTEM = "apple-generic";
				VERSION_INFO_PREFIX = "";
			};
			name = Release;
		};
		OBJ_22 /* Debug */ = {
			isa = XCBuildConfiguration;
			buildSettings = {
				"CODE_SIGN_IDENTITY[sdk=iphoneos*]" = "";
				DEVELOPMENT_TEAM = HR3UT8B3MJ;
				ENABLE_TESTABILITY = YES;
				FRAMEWORK_SEARCH_PATHS = (
					"$(inherited)",
					"$(PLATFORM_DIR)/Developer/Library/Frameworks",
				);
				HEADER_SEARCH_PATHS = "$(inherited)";
				INFOPLIST_FILE = StepUp.xcodeproj/FileKit_Info.plist;
				OTHER_LDFLAGS = "$(inherited)";
				OTHER_SWIFT_FLAGS = "$(inherited)";
				PRODUCT_BUNDLE_IDENTIFIER = FileKit;
				PRODUCT_MODULE_NAME = "$(TARGET_NAME:c99extidentifier)";
				PRODUCT_NAME = "$(TARGET_NAME:c99extidentifier)";
				SKIP_INSTALL = YES;
				TARGET_NAME = FileKit;
			};
			name = Debug;
		};
		OBJ_23 /* Release */ = {
			isa = XCBuildConfiguration;
			buildSettings = {
				"CODE_SIGN_IDENTITY[sdk=iphoneos*]" = "";
				DEVELOPMENT_TEAM = HR3UT8B3MJ;
				ENABLE_TESTABILITY = YES;
				FRAMEWORK_SEARCH_PATHS = (
					"$(inherited)",
					"$(PLATFORM_DIR)/Developer/Library/Frameworks",
				);
				HEADER_SEARCH_PATHS = "$(inherited)";
				INFOPLIST_FILE = StepUp.xcodeproj/FileKit_Info.plist;
				OTHER_LDFLAGS = "$(inherited)";
				OTHER_SWIFT_FLAGS = "$(inherited)";
				PRODUCT_BUNDLE_IDENTIFIER = FileKit;
				PRODUCT_MODULE_NAME = "$(TARGET_NAME:c99extidentifier)";
				PRODUCT_NAME = "$(TARGET_NAME:c99extidentifier)";
				SKIP_INSTALL = YES;
				TARGET_NAME = FileKit;
			};
			name = Release;
		};
		OBJ_3 /* Debug */ = {
			isa = XCBuildConfiguration;
			buildSettings = {
				CLANG_WARN_BOOL_CONVERSION = YES;
				CLANG_WARN_CONSTANT_CONVERSION = YES;
				CLANG_WARN_EMPTY_BODY = YES;
				CLANG_WARN_ENUM_CONVERSION = YES;
				CLANG_WARN_INFINITE_RECURSION = YES;
				CLANG_WARN_INT_CONVERSION = YES;
				CLANG_WARN_SUSPICIOUS_MOVE = YES;
				CLANG_WARN_UNREACHABLE_CODE = YES;
				CLANG_WARN__DUPLICATE_METHOD_MATCH = YES;
				COMBINE_HIDPI_IMAGES = YES;
				COPY_PHASE_STRIP = NO;
				DEBUG_INFORMATION_FORMAT = dwarf;
				DYLIB_INSTALL_NAME_BASE = "@rpath";
				ENABLE_NS_ASSERTIONS = YES;
				ENABLE_STRICT_OBJC_MSGSEND = YES;
				ENABLE_TESTABILITY = YES;
				GCC_NO_COMMON_BLOCKS = YES;
				GCC_OPTIMIZATION_LEVEL = 0;
				GCC_WARN_64_TO_32_BIT_CONVERSION = YES;
				GCC_WARN_ABOUT_RETURN_TYPE = YES;
				GCC_WARN_UNDECLARED_SELECTOR = YES;
				GCC_WARN_UNINITIALIZED_AUTOS = YES;
				GCC_WARN_UNUSED_FUNCTION = YES;
				GCC_WARN_UNUSED_VARIABLE = YES;
				IPHONEOS_DEPLOYMENT_TARGET = 10.2;
				MACOSX_DEPLOYMENT_TARGET = 10.10;
				ONLY_ACTIVE_ARCH = YES;
				OTHER_SWIFT_FLAGS = "-DXcode";
				PRODUCT_NAME = "Step Up!";
				SDKROOT = iphoneos;
				SUPPORTED_PLATFORMS = "iphonesimulator iphoneos";
				SWIFT_ACTIVE_COMPILATION_CONDITIONS = SWIFT_PACKAGE;
				SWIFT_OPTIMIZATION_LEVEL = "-Onone";
				SWIFT_VERSION = 3.0;
				USE_HEADERMAP = NO;
			};
			name = Debug;
		};
		OBJ_31 /* Debug */ = {
			isa = XCBuildConfiguration;
			buildSettings = {
				"CODE_SIGN_IDENTITY[sdk=iphoneos*]" = "";
				DEVELOPMENT_TEAM = "";
				ENABLE_TESTABILITY = YES;
				FRAMEWORK_SEARCH_PATHS = (
					"$(inherited)",
					"$(PLATFORM_DIR)/Developer/Library/Frameworks",
				);
				HEADER_SEARCH_PATHS = "$(inherited)";
				INFOPLIST_FILE = StepUp.xcodeproj/App_Info.plist;
				OTHER_LDFLAGS = "$(inherited)";
				OTHER_SWIFT_FLAGS = "$(inherited)";
				PRODUCT_BUNDLE_IDENTIFIER = App;
				PRODUCT_MODULE_NAME = "$(TARGET_NAME:c99extidentifier)";
				PRODUCT_NAME = "$(TARGET_NAME:c99extidentifier)";
				SKIP_INSTALL = YES;
				TARGET_NAME = App;
			};
			name = Debug;
		};
		OBJ_32 /* Release */ = {
			isa = XCBuildConfiguration;
			buildSettings = {
				"CODE_SIGN_IDENTITY[sdk=iphoneos*]" = "";
				DEVELOPMENT_TEAM = "";
				ENABLE_TESTABILITY = YES;
				FRAMEWORK_SEARCH_PATHS = (
					"$(inherited)",
					"$(PLATFORM_DIR)/Developer/Library/Frameworks",
				);
				HEADER_SEARCH_PATHS = "$(inherited)";
				INFOPLIST_FILE = StepUp.xcodeproj/App_Info.plist;
				OTHER_LDFLAGS = "$(inherited)";
				OTHER_SWIFT_FLAGS = "$(inherited)";
				PRODUCT_BUNDLE_IDENTIFIER = App;
				PRODUCT_MODULE_NAME = "$(TARGET_NAME:c99extidentifier)";
				PRODUCT_NAME = "$(TARGET_NAME:c99extidentifier)";
				SKIP_INSTALL = YES;
				TARGET_NAME = App;
			};
			name = Release;
		};
		OBJ_4 /* Release */ = {
			isa = XCBuildConfiguration;
			buildSettings = {
				CLANG_WARN_BOOL_CONVERSION = YES;
				CLANG_WARN_CONSTANT_CONVERSION = YES;
				CLANG_WARN_EMPTY_BODY = YES;
				CLANG_WARN_ENUM_CONVERSION = YES;
				CLANG_WARN_INFINITE_RECURSION = YES;
				CLANG_WARN_INT_CONVERSION = YES;
				CLANG_WARN_SUSPICIOUS_MOVE = YES;
				CLANG_WARN_UNREACHABLE_CODE = YES;
				CLANG_WARN__DUPLICATE_METHOD_MATCH = YES;
				COMBINE_HIDPI_IMAGES = YES;
				COPY_PHASE_STRIP = YES;
				DEBUG_INFORMATION_FORMAT = "dwarf-with-dsym";
				DYLIB_INSTALL_NAME_BASE = "@rpath";
				ENABLE_STRICT_OBJC_MSGSEND = YES;
				GCC_NO_COMMON_BLOCKS = YES;
				GCC_OPTIMIZATION_LEVEL = s;
				GCC_WARN_64_TO_32_BIT_CONVERSION = YES;
				GCC_WARN_ABOUT_RETURN_TYPE = YES;
				GCC_WARN_UNDECLARED_SELECTOR = YES;
				GCC_WARN_UNINITIALIZED_AUTOS = YES;
				GCC_WARN_UNUSED_FUNCTION = YES;
				GCC_WARN_UNUSED_VARIABLE = YES;
				IPHONEOS_DEPLOYMENT_TARGET = 10.2;
				MACOSX_DEPLOYMENT_TARGET = 10.10;
				OTHER_SWIFT_FLAGS = "-DXcode";
				PRODUCT_NAME = "Step Up!";
				SDKROOT = iphoneos;
				SUPPORTED_PLATFORMS = "iphonesimulator iphoneos";
				SWIFT_ACTIVE_COMPILATION_CONDITIONS = SWIFT_PACKAGE;
				SWIFT_OPTIMIZATION_LEVEL = "-Owholemodule";
				SWIFT_VERSION = 3.0;
				USE_HEADERMAP = NO;
			};
			name = Release;
		};
/* End XCBuildConfiguration section */

/* Begin XCConfigurationList section */
		A35190AA1E04898400F7348E /* Build configuration list for PBXNativeTarget "StepUp" */ = {
			isa = XCConfigurationList;
			buildConfigurations = (
				A35190AB1E04898400F7348E /* Debug */,
				A35190AC1E04898400F7348E /* Release */,
			);
			defaultConfigurationIsVisible = 0;
			defaultConfigurationName = Release;
		};
		A384185E1E59C3C4003914DB /* Build configuration list for PBXNativeTarget "AudioKit" */ = {
			isa = XCConfigurationList;
			buildConfigurations = (
				A384185F1E59C3C4003914DB /* Debug */,
				A38418601E59C3C4003914DB /* Release */,
			);
			defaultConfigurationIsVisible = 0;
			defaultConfigurationName = Release;
		};
		A38418861E59D15E003914DB /* Build configuration list for PBXNativeTarget "CollectionViewKit" */ = {
			isa = XCConfigurationList;
			buildConfigurations = (
				A38418871E59D15E003914DB /* Debug */,
				A38418881E59D15E003914DB /* Release */,
			);
			defaultConfigurationIsVisible = 0;
			defaultConfigurationName = Release;
		};
		OBJ_2 /* Build configuration list for PBXProject "StepUp" */ = {
			isa = XCConfigurationList;
			buildConfigurations = (
				OBJ_3 /* Debug */,
				OBJ_4 /* Release */,
			);
			defaultConfigurationIsVisible = 0;
			defaultConfigurationName = Release;
		};
		OBJ_21 /* Build configuration list for PBXNativeTarget "FileKit" */ = {
			isa = XCConfigurationList;
			buildConfigurations = (
				OBJ_22 /* Debug */,
				OBJ_23 /* Release */,
			);
			defaultConfigurationIsVisible = 0;
			defaultConfigurationName = Release;
		};
		OBJ_30 /* Build configuration list for PBXNativeTarget "App" */ = {
			isa = XCConfigurationList;
			buildConfigurations = (
				OBJ_31 /* Debug */,
				OBJ_32 /* Release */,
			);
			defaultConfigurationIsVisible = 0;
			defaultConfigurationName = Release;
		};
/* End XCConfigurationList section */
	};
	rootObject = OBJ_1 /* Project object */;
}
